
Microsoft Visual Studio Solution File, Format Version 12.00
# Visual Studio Version 17
VisualStudioVersion = 17.0.31903.59
MinimumVisualStudioVersion = 10.0.40219.1
Project("{FAE04EC0-301F-11D3-BF4B-00C04F79EFBC}") = "VoiceBridge", "VoiceBridge\VoiceBridge.csproj", "{A7C31E54-9B42-4F6D-8E1A-52D90C4B7F31}"
EndProject
Project("{FAE04EC0-301F-11D3-BF4B-00C04F79EFBC}") = "VoiceBridge.Installer", "VoiceBridge.Installer\VoiceBridge.Installer.csproj", "{B8D42F65-0C53-4A7E-9F2B-63EA1D5C8A42}"
EndProject
Global
	GlobalSection(SolutionConfigurationPlatforms) = preSolution
		Debug|Any CPU = Debug|Any CPU
		Release|Any CPU = Release|Any CPU
	EndGlobalSection
	GlobalSection(SolutionProperties) = preSolution
		HideSolutionNode = FALSE
	EndGlobalSection
	GlobalSection(ProjectConfigurationPlatforms) = postSolution
		{A7C31E54-9B42-4F6D-8E1A-52D90C4B7F31}.Debug|Any CPU.ActiveCfg = Debug|Any CPU
		{A7C31E54-9B42-4F6D-8E1A-52D90C4B7F31}.Debug|Any CPU.Build.0 = Debug|Any CPU
		{A7C31E54-9B42-4F6D-8E1A-52D90C4B7F31}.Release|Any CPU.ActiveCfg = Release|Any CPU
		{A7C31E54-9B42-4F6D-8E1A-52D90C4B7F31}.Release|Any CPU.Build.0 = Release|Any CPU
		{B8D42F65-0C53-4A7E-9F2B-63EA1D5C8A42}.Debug|Any CPU.ActiveCfg = Debug|Any CPU
		{B8D42F65-0C53-4A7E-9F2B-63EA1D5C8A42}.Debug|Any CPU.Build.0 = Debug|Any CPU
		{B8D42F65-0C53-4A7E-9F2B-63EA1D5C8A42}.Release|Any CPU.ActiveCfg = Release|Any CPU
		{B8D42F65-0C53-4A7E-9F2B-63EA1D5C8A42}.Release|Any CPU.Build.0 = Release|Any CPU
	EndGlobalSection
EndGlobal
